# This file is automatically @generated by Cargo.
# It is not intended for manual editing.
[[package]]
name = "putki"
version = "0.2.0"
dependencies = [
 "seahash 3.0.7 (registry+https://github.com/rust-lang/crates.io-index)",
]

[[package]]
name = "seahash"
version = "3.0.7"
source = "registry+https://github.com/rust-lang/crates.io-index"

[metadata]
"checksum seahash 3.0.7 (registry+https://github.com/rust-lang/crates.io-index)" = "58f57ca1d128a43733fd71d583e837b1f22239a37ebea09cde11d8d9a9080f47"
